
Microsoft Visual Studio Solution File, Format Version 12.00
# Visual Studio Version 16
VisualStudioVersion = 16.0.29009.5
MinimumVisualStudioVersion = 10.0.40219.1
Project("{9A19103F-16F7-4668-BE54-9A1E7A4F7556}") = "OPS", "OPS\OPS.csproj", "{ABA30CFA-4DBD-40F8-88F7-C7FE42CE3420}"
EndProject
Project("{9A19103F-16F7-4668-BE54-9A1E7A4F7556}") = "OPS.Core", "OPS.Core\OPS.Core.csproj", "{C0DB3D1D-3236-476C-B3DF-2E730B71D67D}"
EndProject
Project("{9A19103F-16F7-4668-BE54-9A1E7A4F7556}") = "OPS.ImportacaoDados", "OPS.ImportacaoDados\OPS.ImportacaoDados.csproj", "{BB3F2C2A-4159-488D-B18A-4490A58373AF}"
EndProject
Project("{9A19103F-16F7-4668-BE54-9A1E7A4F7556}") = "OPS.ImportacaoManual", "OPS.ImportacaoManual\OPS.ImportacaoManual.csproj", "{D6B010CF-4E28-4F0B-8BF4-AB2E4706A3BD}"
EndProject
Global
	GlobalSection(SolutionConfigurationPlatforms) = preSolution
		Debug|Any CPU = Debug|Any CPU
		Release|Any CPU = Release|Any CPU
	EndGlobalSection
	GlobalSection(ProjectConfigurationPlatforms) = postSolution
		{ABA30CFA-4DBD-40F8-88F7-C7FE42CE3420}.Debug|Any CPU.ActiveCfg = Debug|Any CPU
		{ABA30CFA-4DBD-40F8-88F7-C7FE42CE3420}.Debug|Any CPU.Build.0 = Debug|Any CPU
		{ABA30CFA-4DBD-40F8-88F7-C7FE42CE3420}.Release|Any CPU.ActiveCfg = Release|Any CPU
		{ABA30CFA-4DBD-40F8-88F7-C7FE42CE3420}.Release|Any CPU.Build.0 = Release|Any CPU
		{C0DB3D1D-3236-476C-B3DF-2E730B71D67D}.Debug|Any CPU.ActiveCfg = Debug|Any CPU
		{C0DB3D1D-3236-476C-B3DF-2E730B71D67D}.Debug|Any CPU.Build.0 = Debug|Any CPU
		{C0DB3D1D-3236-476C-B3DF-2E730B71D67D}.Release|Any CPU.ActiveCfg = Release|Any CPU
		{C0DB3D1D-3236-476C-B3DF-2E730B71D67D}.Release|Any CPU.Build.0 = Release|Any CPU
		{BB3F2C2A-4159-488D-B18A-4490A58373AF}.Debug|Any CPU.ActiveCfg = Debug|Any CPU
		{BB3F2C2A-4159-488D-B18A-4490A58373AF}.Debug|Any CPU.Build.0 = Debug|Any CPU
		{BB3F2C2A-4159-488D-B18A-4490A58373AF}.Release|Any CPU.ActiveCfg = Release|Any CPU
		{BB3F2C2A-4159-488D-B18A-4490A58373AF}.Release|Any CPU.Build.0 = Release|Any CPU
		{D6B010CF-4E28-4F0B-8BF4-AB2E4706A3BD}.Debug|Any CPU.ActiveCfg = Debug|Any CPU
		{D6B010CF-4E28-4F0B-8BF4-AB2E4706A3BD}.Debug|Any CPU.Build.0 = Debug|Any CPU
		{D6B010CF-4E28-4F0B-8BF4-AB2E4706A3BD}.Release|Any CPU.ActiveCfg = Release|Any CPU
		{D6B010CF-4E28-4F0B-8BF4-AB2E4706A3BD}.Release|Any CPU.Build.0 = Release|Any CPU
	EndGlobalSection
	GlobalSection(SolutionProperties) = preSolution
		HideSolutionNode = FALSE
	EndGlobalSection
	GlobalSection(ExtensibilityGlobals) = postSolution
		SolutionGuid = {61AA34D1-EF57-4F78-8133-6FFFD1A7AE17}
	EndGlobalSection
EndGlobal
