
Microsoft Visual Studio Solution File, Format Version 12.00
# Visual Studio 15
VisualStudioVersion = 15.0.26430.15
MinimumVisualStudioVersion = 10.0.40219.1
Project("{FAE04EC0-301F-11D3-BF4B-00C04F79EFBC}") = "OPS", "OPS\OPS.csproj", "{0AB0A3F4-F35F-4F99-8F53-E1DDD4A2227F}"
EndProject
Project("{FAE04EC0-301F-11D3-BF4B-00C04F79EFBC}") = "OPS.ImportacaoDados", "OPS.ImportacaoDados\OPS.ImportacaoDados.csproj", "{AAA3DD94-D680-4C3D-A442-3C4D9E230AFC}"
EndProject
Project("{FAE04EC0-301F-11D3-BF4B-00C04F79EFBC}") = "OPS.Core", "OPS.Core\OPS.Core.csproj", "{64BDCEAF-F494-4C55-BBF3-16C28C718FE0}"
EndProject
Project("{FAE04EC0-301F-11D3-BF4B-00C04F79EFBC}") = "OPS.ImportacaoManual", "OPS.ImportacaoManual\OPS.ImportacaoManual.csproj", "{11A45D01-0F7C-4C2C-BE13-1275B4790154}"
EndProject
Global
	GlobalSection(SolutionConfigurationPlatforms) = preSolution
		Debug|Any CPU = Debug|Any CPU
		Release|Any CPU = Release|Any CPU
	EndGlobalSection
	GlobalSection(ProjectConfigurationPlatforms) = postSolution
		{0AB0A3F4-F35F-4F99-8F53-E1DDD4A2227F}.Debug|Any CPU.ActiveCfg = Debug|Any CPU
		{0AB0A3F4-F35F-4F99-8F53-E1DDD4A2227F}.Debug|Any CPU.Build.0 = Debug|Any CPU
		{0AB0A3F4-F35F-4F99-8F53-E1DDD4A2227F}.Release|Any CPU.ActiveCfg = Release|Any CPU
		{0AB0A3F4-F35F-4F99-8F53-E1DDD4A2227F}.Release|Any CPU.Build.0 = Release|Any CPU
		{AAA3DD94-D680-4C3D-A442-3C4D9E230AFC}.Debug|Any CPU.ActiveCfg = Debug|Any CPU
		{AAA3DD94-D680-4C3D-A442-3C4D9E230AFC}.Debug|Any CPU.Build.0 = Debug|Any CPU
		{AAA3DD94-D680-4C3D-A442-3C4D9E230AFC}.Release|Any CPU.ActiveCfg = Release|Any CPU
		{AAA3DD94-D680-4C3D-A442-3C4D9E230AFC}.Release|Any CPU.Build.0 = Release|Any CPU
		{64BDCEAF-F494-4C55-BBF3-16C28C718FE0}.Debug|Any CPU.ActiveCfg = Debug|Any CPU
		{64BDCEAF-F494-4C55-BBF3-16C28C718FE0}.Debug|Any CPU.Build.0 = Debug|Any CPU
		{64BDCEAF-F494-4C55-BBF3-16C28C718FE0}.Release|Any CPU.ActiveCfg = Release|Any CPU
		{64BDCEAF-F494-4C55-BBF3-16C28C718FE0}.Release|Any CPU.Build.0 = Release|Any CPU
		{11A45D01-0F7C-4C2C-BE13-1275B4790154}.Debug|Any CPU.ActiveCfg = Debug|Any CPU
		{11A45D01-0F7C-4C2C-BE13-1275B4790154}.Debug|Any CPU.Build.0 = Debug|Any CPU
		{11A45D01-0F7C-4C2C-BE13-1275B4790154}.Release|Any CPU.ActiveCfg = Release|Any CPU
		{11A45D01-0F7C-4C2C-BE13-1275B4790154}.Release|Any CPU.Build.0 = Release|Any CPU
	EndGlobalSection
	GlobalSection(SolutionProperties) = preSolution
		HideSolutionNode = FALSE
	EndGlobalSection
EndGlobal
