
Microsoft Visual Studio Solution File, Format Version 12.00
# Visual Studio Version 18
VisualStudioVersion = 18.3.11304.161
MinimumVisualStudioVersion = 10.0.40219.1
Project("{9A19103F-16F7-4668-BE54-9A1E7A4F7556}") = "OPS.Core", "OPS.Core\OPS.Core.csproj", "{C0DB3D1D-3236-476C-B3DF-2E730B71D67D}"
EndProject
Project("{9A19103F-16F7-4668-BE54-9A1E7A4F7556}") = "OPS.Importador", "OPS.Importador\OPS.Importador.csproj", "{D6B010CF-4E28-4F0B-8BF4-AB2E4706A3BD}"
EndProject
Project("{9A19103F-16F7-4668-BE54-9A1E7A4F7556}") = "OPS.API", "OPS.API\OPS.API.csproj", "{4D53C319-84B9-41A6-9379-142DDB67A4DF}"
EndProject
Project("{54A90642-561A-4BB1-A94E-469ADEE60C69}") = "OPS.Site", "OPS.Site\OPS.Site.esproj", "{7E4446A1-772E-4D73-97F5-27D70FFBFD33}"
EndProject
Project("{FAE04EC0-301F-11D3-BF4B-00C04F79EFBC}") = "OPS.Infraestrutura", "OPS.Infraestrutura\OPS.Infraestrutura.csproj", "{5B447A54-81E3-4901-BE55-A7EC77E352ED}"
EndProject
Project("{2150E333-8FDC-42A3-9474-1A3956D46DE8}") = "SolutionItems", "SolutionItems", "{ACD6F3C6-6175-474A-ACBD-B6653266ADB1}"
	ProjectSection(SolutionItems) = preProject
		.editorconfig = .editorconfig
		.gitignore = .gitignore
		CNAME = CNAME
		CONTRIBUTING.md = CONTRIBUTING.md
		LICENCE = LICENCE
		README.md = README.md
		stylecop.json = stylecop.json
	EndProjectSection
EndProject
Global
	GlobalSection(SolutionConfigurationPlatforms) = preSolution
		Debug|Any CPU = Debug|Any CPU
		Release|Any CPU = Release|Any CPU
	EndGlobalSection
	GlobalSection(ProjectConfigurationPlatforms) = postSolution
		{C0DB3D1D-3236-476C-B3DF-2E730B71D67D}.Debug|Any CPU.ActiveCfg = Debug|Any CPU
		{C0DB3D1D-3236-476C-B3DF-2E730B71D67D}.Debug|Any CPU.Build.0 = Debug|Any CPU
		{C0DB3D1D-3236-476C-B3DF-2E730B71D67D}.Release|Any CPU.ActiveCfg = Release|Any CPU
		{C0DB3D1D-3236-476C-B3DF-2E730B71D67D}.Release|Any CPU.Build.0 = Release|Any CPU
		{D6B010CF-4E28-4F0B-8BF4-AB2E4706A3BD}.Debug|Any CPU.ActiveCfg = Debug|Any CPU
		{D6B010CF-4E28-4F0B-8BF4-AB2E4706A3BD}.Debug|Any CPU.Build.0 = Debug|Any CPU
		{D6B010CF-4E28-4F0B-8BF4-AB2E4706A3BD}.Release|Any CPU.ActiveCfg = Release|Any CPU
		{D6B010CF-4E28-4F0B-8BF4-AB2E4706A3BD}.Release|Any CPU.Build.0 = Release|Any CPU
		{4D53C319-84B9-41A6-9379-142DDB67A4DF}.Debug|Any CPU.ActiveCfg = Debug|Any CPU
		{4D53C319-84B9-41A6-9379-142DDB67A4DF}.Debug|Any CPU.Build.0 = Debug|Any CPU
		{4D53C319-84B9-41A6-9379-142DDB67A4DF}.Release|Any CPU.ActiveCfg = Release|Any CPU
		{4D53C319-84B9-41A6-9379-142DDB67A4DF}.Release|Any CPU.Build.0 = Release|Any CPU
		{7E4446A1-772E-4D73-97F5-27D70FFBFD33}.Debug|Any CPU.ActiveCfg = Debug|Any CPU
		{7E4446A1-772E-4D73-97F5-27D70FFBFD33}.Release|Any CPU.ActiveCfg = Release|Any CPU
		{7E4446A1-772E-4D73-97F5-27D70FFBFD33}.Release|Any CPU.Build.0 = Release|Any CPU
		{5B447A54-81E3-4901-BE55-A7EC77E352ED}.Debug|Any CPU.ActiveCfg = Debug|Any CPU
		{5B447A54-81E3-4901-BE55-A7EC77E352ED}.Debug|Any CPU.Build.0 = Debug|Any CPU
		{5B447A54-81E3-4901-BE55-A7EC77E352ED}.Release|Any CPU.ActiveCfg = Release|Any CPU
		{5B447A54-81E3-4901-BE55-A7EC77E352ED}.Release|Any CPU.Build.0 = Release|Any CPU
	EndGlobalSection
	GlobalSection(SolutionProperties) = preSolution
		HideSolutionNode = FALSE
	EndGlobalSection
	GlobalSection(ExtensibilityGlobals) = postSolution
		SolutionGuid = {61AA34D1-EF57-4F78-8133-6FFFD1A7AE17}
	EndGlobalSection
EndGlobal
